
Microsoft Visual Studio Solution File, Format Version 12.00
# Visual Studio 15
VisualStudioVersion = 15.0.28307.421
MinimumVisualStudioVersion = 10.0.40219.1
Project("{FAE04EC0-301F-11D3-BF4B-00C04F79EFBC}") = "KakaoTalk Reader", "FindWindowTest1\KakaoTalk Reader.csproj", "{AFEA7487-801A-4CFD-8B12-614C2DFDA933}"
EndProject
Global
	GlobalSection(SolutionConfigurationPlatforms) = preSolution
		Debug|Any CPU = Debug|Any CPU
		Release|Any CPU = Release|Any CPU
	EndGlobalSection
	GlobalSection(ProjectConfigurationPlatforms) = postSolution
		{AFEA7487-801A-4CFD-8B12-614C2DFDA933}.Debug|Any CPU.ActiveCfg = Debug|Any CPU
		{AFEA7487-801A-4CFD-8B12-614C2DFDA933}.Debug|Any CPU.Build.0 = Debug|Any CPU
		{AFEA7487-801A-4CFD-8B12-614C2DFDA933}.Release|Any CPU.ActiveCfg = Release|Any CPU
		{AFEA7487-801A-4CFD-8B12-614C2DFDA933}.Release|Any CPU.Build.0 = Release|Any CPU
	EndGlobalSection
	GlobalSection(SolutionProperties) = preSolution
		HideSolutionNode = FALSE
	EndGlobalSection
	GlobalSection(ExtensibilityGlobals) = postSolution
		SolutionGuid = {B4257EE6-2B8E-416B-B376-5C5AFD838667}
	EndGlobalSection
EndGlobal
